// !$*UTF8*$!
{
	archiveVersion = 1;
	classes = {
	};
	objectVersion = 46;
	objects = {

/* Begin PBXBuildFile section */
		DD1A2773196885CA0079704E /* AppDelegate.swift in Sources */ = {isa = PBXBuildFile; fileRef = DD1A2772196885CA0079704E /* AppDelegate.swift */; };
		DD1A2778196885CA0079704E /* ViewController.swift in Sources */ = {isa = PBXBuildFile; fileRef = DD1A2777196885CA0079704E /* ViewController.swift */; };
		DD1A277B196885CA0079704E /* Main.storyboard in Resources */ = {isa = PBXBuildFile; fileRef = DD1A2779196885CA0079704E /* Main.storyboard */; };
		DD1A277D196885CA0079704E /* Images.xcassets in Resources */ = {isa = PBXBuildFile; fileRef = DD1A277C196885CA0079704E /* Images.xcassets */; };
		DD1A27931968896C0079704E /* VideoUtil.swift in Sources */ = {isa = PBXBuildFile; fileRef = DD1A27921968896C0079704E /* VideoUtil.swift */; };
		DD9875FD1DAB213E00B20A39 /* Launch Screen.storyboard in Resources */ = {isa = PBXBuildFile; fileRef = DD9875FC1DAB213E00B20A39 /* Launch Screen.storyboard */; };
/* End PBXBuildFile section */

/* Begin PBXFileReference section */
		DD1A276D196885CA0079704E /* HelloVideo.app */ = {isa = PBXFileReference; explicitFileType = wrapper.application; includeInIndex = 0; path = HelloVideo.app; sourceTree = BUILT_PRODUCTS_DIR; };
		DD1A2771196885CA0079704E /* Info.plist */ = {isa = PBXFileReference; lastKnownFileType = text.plist.xml; path = Info.plist; sourceTree = "<group>"; };
		DD1A2772196885CA0079704E /* AppDelegate.swift */ = {isa = PBXFileReference; lastKnownFileType = sourcecode.swift; path = AppDelegate.swift; sourceTree = "<group>"; };
		DD1A2777196885CA0079704E /* ViewController.swift */ = {isa = PBXFileReference; lastKnownFileType = sourcecode.swift; path = ViewController.swift; sourceTree = "<group>"; };
		DD1A277A196885CA0079704E /* Base */ = {isa = PBXFileReference; lastKnownFileType = file.storyboard; name = Base; path = Base.lproj/Main.storyboard; sourceTree = "<group>"; };
		DD1A277C196885CA0079704E /* Images.xcassets */ = {isa = PBXFileReference; lastKnownFileType = folder.assetcatalog; path = Images.xcassets; sourceTree = "<group>"; };
		DD1A2787196885CA0079704E /* Info.plist */ = {isa = PBXFileReference; lastKnownFileType = text.plist.xml; path = Info.plist; sourceTree = "<group>"; };
		DD1A2788196885CA0079704E /* HelloVideoTests.swift */ = {isa = PBXFileReference; lastKnownFileType = sourcecode.swift; path = HelloVideoTests.swift; sourceTree = "<group>"; };
		DD1A27921968896C0079704E /* VideoUtil.swift */ = {isa = PBXFileReference; fileEncoding = 4; lastKnownFileType = sourcecode.swift; path = VideoUtil.swift; sourceTree = "<group>"; };
		DD9875FC1DAB213E00B20A39 /* Launch Screen.storyboard */ = {isa = PBXFileReference; fileEncoding = 4; lastKnownFileType = file.storyboard; name = "Launch Screen.storyboard"; path = "../Launch Screen.storyboard"; sourceTree = "<group>"; };
/* End PBXFileReference section */

/* Begin PBXFrameworksBuildPhase section */
		DD1A276A196885CA0079704E /* Frameworks */ = {
			isa = PBXFrameworksBuildPhase;
			buildActionMask = 2147483647;
			files = (
			);
			runOnlyForDeploymentPostprocessing = 0;
		};
/* End PBXFrameworksBuildPhase section */

/* Begin PBXGroup section */
		DD1A2764196885CA0079704E = {
			isa = PBXGroup;
			children = (
				DD1A276F196885CA0079704E /* HelloVideo */,
				DD1A2785196885CA0079704E /* HelloVideoTests */,
				DD1A276E196885CA0079704E /* Products */,
			);
			sourceTree = "<group>";
		};
		DD1A276E196885CA0079704E /* Products */ = {
			isa = PBXGroup;
			children = (
				DD1A276D196885CA0079704E /* HelloVideo.app */,
			);
			name = Products;
			sourceTree = "<group>";
		};
		DD1A276F196885CA0079704E /* HelloVideo */ = {
			isa = PBXGroup;
			children = (
				DDD783BA19688C6E00D26685 /* Classes */,
				DD1A2772196885CA0079704E /* AppDelegate.swift */,
				DD1A2777196885CA0079704E /* ViewController.swift */,
				DD1A2779196885CA0079704E /* Main.storyboard */,
				DD1A277C196885CA0079704E /* Images.xcassets */,
				DD9875FC1DAB213E00B20A39 /* Launch Screen.storyboard */,
				DD1A2770196885CA0079704E /* Supporting Files */,
			);
			path = HelloVideo;
			sourceTree = "<group>";
		};
		DD1A2770196885CA0079704E /* Supporting Files */ = {
			isa = PBXGroup;
			children = (
				DD1A2771196885CA0079704E /* Info.plist */,
			);
			name = "Supporting Files";
			sourceTree = "<group>";
		};
		DD1A2785196885CA0079704E /* HelloVideoTests */ = {
			isa = PBXGroup;
			children = (
				DD1A2788196885CA0079704E /* HelloVideoTests.swift */,
				DD1A2786196885CA0079704E /* Supporting Files */,
			);
			path = HelloVideoTests;
			sourceTree = "<group>";
		};
		DD1A2786196885CA0079704E /* Supporting Files */ = {
			isa = PBXGroup;
			children = (
				DD1A2787196885CA0079704E /* Info.plist */,
			);
			name = "Supporting Files";
			sourceTree = "<group>";
		};
		DDD783BA19688C6E00D26685 /* Classes */ = {
			isa = PBXGroup;
			children = (
				DD1A27921968896C0079704E /* VideoUtil.swift */,
			);
			name = Classes;
			sourceTree = "<group>";
		};
/* End PBXGroup section */

/* Begin PBXNativeTarget section */
		DD1A276C196885CA0079704E /* HelloVideo */ = {
			isa = PBXNativeTarget;
			buildConfigurationList = DD1A278C196885CA0079704E /* Build configuration list for PBXNativeTarget "HelloVideo" */;
			buildPhases = (
				DD1A2769196885CA0079704E /* Sources */,
				DD1A276A196885CA0079704E /* Frameworks */,
				DD1A276B196885CA0079704E /* Resources */,
			);
			buildRules = (
			);
			dependencies = (
			);
			name = HelloVideo;
			productName = HelloVideo;
			productReference = DD1A276D196885CA0079704E /* HelloVideo.app */;
			productType = "com.apple.product-type.application";
		};
/* End PBXNativeTarget section */

/* Begin PBXProject section */
		DD1A2765196885CA0079704E /* Project object */ = {
			isa = PBXProject;
			attributes = {
				LastSwiftMigration = 0710;
				LastSwiftUpdateCheck = 0710;
				LastUpgradeCheck = 0930;
				ORGANIZATIONNAME = "Ricardo Lecheta";
				TargetAttributes = {
					DD1A276C196885CA0079704E = {
						CreatedOnToolsVersion = 6.0;
						LastSwiftMigration = 0930;
					};
				};
			};
			buildConfigurationList = DD1A2768196885CA0079704E /* Build configuration list for PBXProject "HelloVideo" */;
			compatibilityVersion = "Xcode 3.2";
			developmentRegion = English;
			hasScannedForEncodings = 0;
			knownRegions = (
				en,
				Base,
			);
			mainGroup = DD1A2764196885CA0079704E;
			productRefGroup = DD1A276E196885CA0079704E /* Products */;
			projectDirPath = "";
			projectRoot = "";
			targets = (
				DD1A276C196885CA0079704E /* HelloVideo */,
			);
		};
/* End PBXProject section */

/* Begin PBXResourcesBuildPhase section */
		DD1A276B196885CA0079704E /* Resources */ = {
			isa = PBXResourcesBuildPhase;
			buildActionMask = 2147483647;
			files = (
				DD9875FD1DAB213E00B20A39 /* Launch Screen.storyboard in Resources */,
				DD1A277B196885CA0079704E /* Main.storyboard in Resources */,
				DD1A277D196885CA0079704E /* Images.xcassets in Resources */,
			);
			runOnlyForDeploymentPostprocessing = 0;
		};
/* End PBXResourcesBuildPhase section */

/* Begin PBXSourcesBuildPhase section */
		DD1A2769196885CA0079704E /* Sources */ = {
			isa = PBXSourcesBuildPhase;
			buildActionMask = 2147483647;
			files = (
				DD1A2778196885CA0079704E /* ViewController.swift in Sources */,
				DD1A2773196885CA0079704E /* AppDelegate.swift in Sources */,
				DD1A27931968896C0079704E /* VideoUtil.swift in Sources */,
			);
			runOnlyForDeploymentPostprocessing = 0;
		};
/* End PBXSourcesBuildPhase section */

/* Begin PBXVariantGroup section */
		DD1A2779196885CA0079704E /* Main.storyboard */ = {
			isa = PBXVariantGroup;
			children = (
				DD1A277A196885CA0079704E /* Base */,
			);
			name = Main.storyboard;
			sourceTree = "<group>";
		};
/* End PBXVariantGroup section */

/* Begin XCBuildConfiguration section */
		DD1A278A196885CA0079704E /* Debug */ = {
			isa = XCBuildConfiguration;
			buildSettings = {
				ALWAYS_SEARCH_USER_PATHS = NO;
				CLANG_CXX_LANGUAGE_STANDARD = "gnu++0x";
				CLANG_CXX_LIBRARY = "libc++";
				CLANG_ENABLE_MODULES = YES;
				CLANG_ENABLE_OBJC_ARC = YES;
				CLANG_WARN_BLOCK_CAPTURE_AUTORELEASING = YES;
				CLANG_WARN_BOOL_CONVERSION = YES;
				CLANG_WARN_COMMA = YES;
				CLANG_WARN_CONSTANT_CONVERSION = YES;
				CLANG_WARN_DEPRECATED_OBJC_IMPLEMENTATIONS = YES;
				CLANG_WARN_DIRECT_OBJC_ISA_USAGE = YES_ERROR;
				CLANG_WARN_EMPTY_BODY = YES;
				CLANG_WARN_ENUM_CONVERSION = YES;
				CLANG_WARN_INFINITE_RECURSION = YES;
				CLANG_WARN_INT_CONVERSION = YES;
				CLANG_WARN_NON_LITERAL_NULL_CONVERSION = YES;
				CLANG_WARN_OBJC_IMPLICIT_RETAIN_SELF = YES;
				CLANG_WARN_OBJC_LITERAL_CONVERSION = YES;
				CLANG_WARN_OBJC_ROOT_CLASS = YES_ERROR;
				CLANG_WARN_RANGE_LOOP_ANALYSIS = YES;
				CLANG_WARN_STRICT_PROTOTYPES = YES;
				CLANG_WARN_SUSPICIOUS_MOVE = YES;
				CLANG_WARN_UNREACHABLE_CODE = YES;
				CLANG_WARN__DUPLICATE_METHOD_MATCH = YES;
				"CODE_SIGN_IDENTITY[sdk=iphoneos*]" = "iPhone Developer";
				COPY_PHASE_STRIP = NO;
				ENABLE_STRICT_OBJC_MSGSEND = YES;
				ENABLE_TESTABILITY = YES;
				GCC_C_LANGUAGE_STANDARD = gnu99;
				GCC_DYNAMIC_NO_PIC = NO;
				GCC_NO_COMMON_BLOCKS = YES;
				GCC_OPTIMIZATION_LEVEL = 0;
				GCC_PREPROCESSOR_DEFINITIONS = (
					"DEBUG=1",
					"$(inherited)",
				);
				GCC_SYMBOLS_PRIVATE_EXTERN = NO;
				GCC_WARN_64_TO_32_BIT_CONVERSION = YES;
				GCC_WARN_ABOUT_RETURN_TYPE = YES_ERROR;
				GCC_WARN_UNDECLARED_SELECTOR = YES;
				GCC_WARN_UNINITIALIZED_AUTOS = YES_AGGRESSIVE;
				GCC_WARN_UNUSED_FUNCTION = YES;
				GCC_WARN_UNUSED_VARIABLE = YES;
				IPHONEOS_DEPLOYMENT_TARGET = 9.1;
				METAL_ENABLE_DEBUG_INFO = YES;
				ONLY_ACTIVE_ARCH = YES;
				SDKROOT = iphoneos;
				SWIFT_OPTIMIZATION_LEVEL = "-Onone";
				TARGETED_DEVICE_FAMILY = "1,2";
			};
			name = Debug;
		};
		DD1A278B196885CA0079704E /* Release */ = {
			isa = XCBuildConfiguration;
			buildSettings = {
				ALWAYS_SEARCH_USER_PATHS = NO;
				CLANG_CXX_LANGUAGE_STANDARD = "gnu++0x";
				CLANG_CXX_LIBRARY = "libc++";
				CLANG_ENABLE_MODULES = YES;
				CLANG_ENABLE_OBJC_ARC = YES;
				CLANG_WARN_BLOCK_CAPTURE_AUTORELEASING = YES;
				CLANG_WARN_BOOL_CONVERSION = YES;
				CLANG_WARN_COMMA = YES;
				CLANG_WARN_CONSTANT_CONVERSION = YES;
				CLANG_WARN_DEPRECATED_OBJC_IMPLEMENTATIONS = YES;
				CLANG_WARN_DIRECT_OBJC_ISA_USAGE = YES_ERROR;
				CLANG_WARN_EMPTY_BODY = YES;
				CLANG_WARN_ENUM_CONVERSION = YES;
				CLANG_WARN_INFINITE_RECURSION = YES;
				CLANG_WARN_INT_CONVERSION = YES;
				CLANG_WARN_NON_LITERAL_NULL_CONVERSION = YES;
				CLANG_WARN_OBJC_IMPLICIT_RETAIN_SELF = YES;
				CLANG_WARN_OBJC_LITERAL_CONVERSION = YES;
				CLANG_WARN_OBJC_ROOT_CLASS = YES_ERROR;
				CLANG_WARN_RANGE_LOOP_ANALYSIS = YES;
				CLANG_WARN_STRICT_PROTOTYPES = YES;
				CLANG_WARN_SUSPICIOUS_MOVE = YES;
				CLANG_WARN_UNREACHABLE_CODE = YES;
				CLANG_WARN__DUPLICATE_METHOD_MATCH = YES;
				"CODE_SIGN_IDENTITY[sdk=iphoneos*]" = "iPhone Developer";
				COPY_PHASE_STRIP = YES;
				ENABLE_NS_ASSERTIONS = NO;
				ENABLE_STRICT_OBJC_MSGSEND = YES;
				GCC_C_LANGUAGE_STANDARD = gnu99;
				GCC_NO_COMMON_BLOCKS = YES;
				GCC_WARN_64_TO_32_BIT_CONVERSION = YES;
				GCC_WARN_ABOUT_RETURN_TYPE = YES_ERROR;
				GCC_WARN_UNDECLARED_SELECTOR = YES;
				GCC_WARN_UNINITIALIZED_AUTOS = YES_AGGRESSIVE;
				GCC_WARN_UNUSED_FUNCTION = YES;
				GCC_WARN_UNUSED_VARIABLE = YES;
				IPHONEOS_DEPLOYMENT_TARGET = 9.1;
				METAL_ENABLE_DEBUG_INFO = NO;
				SDKROOT = iphoneos;
				SWIFT_OPTIMIZATION_LEVEL = "-Owholemodule";
				TARGETED_DEVICE_FAMILY = "1,2";
				VALIDATE_PRODUCT = YES;
			};
			name = Release;
		};
		DD1A278D196885CA0079704E /* Debug */ = {
			isa = XCBuildConfiguration;
			buildSettings = {
				ASSETCATALOG_COMPILER_APPICON_NAME = AppIcon;
				ASSETCATALOG_COMPILER_LAUNCHIMAGE_NAME = LaunchImage;
				INFOPLIST_FILE = HelloVideo/Info.plist;
				IPHONEOS_DEPLOYMENT_TARGET = 10.0;
				LD_RUNPATH_SEARCH_PATHS = "$(inherited) @executable_path/Frameworks";
				PRODUCT_BUNDLE_IDENTIFIER = "br.livro.${PRODUCT_NAME:rfc1034identifier}";
				PRODUCT_NAME = "$(TARGET_NAME)";
				SWIFT_SWIFT3_OBJC_INFERENCE = Default;
				SWIFT_VERSION = 4.0;
			};
			name = Debug;
		};
		DD1A278E196885CA0079704E /* Release */ = {
			isa = XCBuildConfiguration;
			buildSettings = {
				ASSETCATALOG_COMPILER_APPICON_NAME = AppIcon;
				ASSETCATALOG_COMPILER_LAUNCHIMAGE_NAME = LaunchImage;
				INFOPLIST_FILE = HelloVideo/Info.plist;
				IPHONEOS_DEPLOYMENT_TARGET = 10.0;
				LD_RUNPATH_SEARCH_PATHS = "$(inherited) @executable_path/Frameworks";
				PRODUCT_BUNDLE_IDENTIFIER = "br.livro.${PRODUCT_NAME:rfc1034identifier}";
				PRODUCT_NAME = "$(TARGET_NAME)";
				SWIFT_SWIFT3_OBJC_INFERENCE = Default;
				SWIFT_VERSION = 4.0;
			};
			name = Release;
		};
/* End XCBuildConfiguration section */

/* Begin XCConfigurationList section */
		DD1A2768196885CA0079704E /* Build configuration list for PBXProject "HelloVideo" */ = {
			isa = XCConfigurationList;
			buildConfigurations = (
				DD1A278A196885CA0079704E /* Debug */,
				DD1A278B196885CA0079704E /* Release */,
			);
			defaultConfigurationIsVisible = 0;
			defaultConfigurationName = Release;
		};
		DD1A278C196885CA0079704E /* Build configuration list for PBXNativeTarget "HelloVideo" */ = {
			isa = XCConfigurationList;
			buildConfigurations = (
				DD1A278D196885CA0079704E /* Debug */,
				DD1A278E196885CA0079704E /* Release */,
			);
			defaultConfigurationIsVisible = 0;
			defaultConfigurationName = Release;
		};
/* End XCConfigurationList section */
	};
	rootObject = DD1A2765196885CA0079704E /* Project object */;
}
