// !$*UTF8*$!
{
	archiveVersion = 1;
	classes = {
	};
	objectVersion = 50;
	objects = {

/* Begin PBXBuildFile section */
		004C2CFEA525AB937C89AFDB /* Pods_HelloFirebase.framework in Frameworks */ = {isa = PBXBuildFile; fileRef = 1ACF8085009B8FD89B4FBBD7 /* Pods_HelloFirebase.framework */; };
		DDC407C4209F6F3400E6958F /* AppDelegate.swift in Sources */ = {isa = PBXBuildFile; fileRef = DDC407C3209F6F3400E6958F /* AppDelegate.swift */; };
		DDC407C6209F6F3400E6958F /* ViewController.swift in Sources */ = {isa = PBXBuildFile; fileRef = DDC407C5209F6F3400E6958F /* ViewController.swift */; };
		DDC407C9209F6F3400E6958F /* Main.storyboard in Resources */ = {isa = PBXBuildFile; fileRef = DDC407C7209F6F3400E6958F /* Main.storyboard */; };
		DDC407CB209F6F3500E6958F /* Assets.xcassets in Resources */ = {isa = PBXBuildFile; fileRef = DDC407CA209F6F3500E6958F /* Assets.xcassets */; };
		DDC407CE209F6F3500E6958F /* LaunchScreen.storyboard in Resources */ = {isa = PBXBuildFile; fileRef = DDC407CC209F6F3500E6958F /* LaunchScreen.storyboard */; };
		DDC407D6209F71C900E6958F /* GoogleService-Info.plist in Resources */ = {isa = PBXBuildFile; fileRef = DDC407D5209F71C900E6958F /* GoogleService-Info.plist */; };
/* End PBXBuildFile section */

/* Begin PBXFileReference section */
		0EDECDC91C8CD8FE6C628E08 /* Pods-HelloFirebase.release.xcconfig */ = {isa = PBXFileReference; includeInIndex = 1; lastKnownFileType = text.xcconfig; name = "Pods-HelloFirebase.release.xcconfig"; path = "Pods/Target Support Files/Pods-HelloFirebase/Pods-HelloFirebase.release.xcconfig"; sourceTree = "<group>"; };
		1ACF8085009B8FD89B4FBBD7 /* Pods_HelloFirebase.framework */ = {isa = PBXFileReference; explicitFileType = wrapper.framework; includeInIndex = 0; path = Pods_HelloFirebase.framework; sourceTree = BUILT_PRODUCTS_DIR; };
		7875BB9F854D47D37C5D19EF /* Pods-HelloFirebase.debug.xcconfig */ = {isa = PBXFileReference; includeInIndex = 1; lastKnownFileType = text.xcconfig; name = "Pods-HelloFirebase.debug.xcconfig"; path = "Pods/Target Support Files/Pods-HelloFirebase/Pods-HelloFirebase.debug.xcconfig"; sourceTree = "<group>"; };
		DDC407C0209F6F3400E6958F /* HelloFirebase.app */ = {isa = PBXFileReference; explicitFileType = wrapper.application; includeInIndex = 0; path = HelloFirebase.app; sourceTree = BUILT_PRODUCTS_DIR; };
		DDC407C3209F6F3400E6958F /* AppDelegate.swift */ = {isa = PBXFileReference; lastKnownFileType = sourcecode.swift; path = AppDelegate.swift; sourceTree = "<group>"; };
		DDC407C5209F6F3400E6958F /* ViewController.swift */ = {isa = PBXFileReference; lastKnownFileType = sourcecode.swift; path = ViewController.swift; sourceTree = "<group>"; };
		DDC407C8209F6F3400E6958F /* Base */ = {isa = PBXFileReference; lastKnownFileType = file.storyboard; name = Base; path = Base.lproj/Main.storyboard; sourceTree = "<group>"; };
		DDC407CA209F6F3500E6958F /* Assets.xcassets */ = {isa = PBXFileReference; lastKnownFileType = folder.assetcatalog; path = Assets.xcassets; sourceTree = "<group>"; };
		DDC407CD209F6F3500E6958F /* Base */ = {isa = PBXFileReference; lastKnownFileType = file.storyboard; name = Base; path = Base.lproj/LaunchScreen.storyboard; sourceTree = "<group>"; };
		DDC407CF209F6F3500E6958F /* Info.plist */ = {isa = PBXFileReference; lastKnownFileType = text.plist.xml; path = Info.plist; sourceTree = "<group>"; };
		DDC407D5209F71C900E6958F /* GoogleService-Info.plist */ = {isa = PBXFileReference; fileEncoding = 4; lastKnownFileType = text.plist.xml; path = "GoogleService-Info.plist"; sourceTree = "<group>"; };
		DDC407D7209F800F00E6958F /* HelloFirebase.entitlements */ = {isa = PBXFileReference; lastKnownFileType = text.plist.entitlements; path = HelloFirebase.entitlements; sourceTree = "<group>"; };
/* End PBXFileReference section */

/* Begin PBXFrameworksBuildPhase section */
		DDC407BD209F6F3400E6958F /* Frameworks */ = {
			isa = PBXFrameworksBuildPhase;
			buildActionMask = 2147483647;
			files = (
				004C2CFEA525AB937C89AFDB /* Pods_HelloFirebase.framework in Frameworks */,
			);
			runOnlyForDeploymentPostprocessing = 0;
		};
/* End PBXFrameworksBuildPhase section */

/* Begin PBXGroup section */
		1B1D314A9EA8D0A424904725 /* Pods */ = {
			isa = PBXGroup;
			children = (
				7875BB9F854D47D37C5D19EF /* Pods-HelloFirebase.debug.xcconfig */,
				0EDECDC91C8CD8FE6C628E08 /* Pods-HelloFirebase.release.xcconfig */,
			);
			name = Pods;
			sourceTree = "<group>";
		};
		34A1E9FD711625883789DA3C /* Frameworks */ = {
			isa = PBXGroup;
			children = (
				1ACF8085009B8FD89B4FBBD7 /* Pods_HelloFirebase.framework */,
			);
			name = Frameworks;
			sourceTree = "<group>";
		};
		DDC407B7209F6F3400E6958F = {
			isa = PBXGroup;
			children = (
				DDC407C2209F6F3400E6958F /* HelloFirebase */,
				DDC407C1209F6F3400E6958F /* Products */,
				1B1D314A9EA8D0A424904725 /* Pods */,
				34A1E9FD711625883789DA3C /* Frameworks */,
			);
			sourceTree = "<group>";
		};
		DDC407C1209F6F3400E6958F /* Products */ = {
			isa = PBXGroup;
			children = (
				DDC407C0209F6F3400E6958F /* HelloFirebase.app */,
			);
			name = Products;
			sourceTree = "<group>";
		};
		DDC407C2209F6F3400E6958F /* HelloFirebase */ = {
			isa = PBXGroup;
			children = (
				DDC407D7209F800F00E6958F /* HelloFirebase.entitlements */,
				DDC407C3209F6F3400E6958F /* AppDelegate.swift */,
				DDC407C5209F6F3400E6958F /* ViewController.swift */,
				DDC407C7209F6F3400E6958F /* Main.storyboard */,
				DDC407CA209F6F3500E6958F /* Assets.xcassets */,
				DDC407CC209F6F3500E6958F /* LaunchScreen.storyboard */,
				DDC407CF209F6F3500E6958F /* Info.plist */,
				DDC407D5209F71C900E6958F /* GoogleService-Info.plist */,
			);
			path = HelloFirebase;
			sourceTree = "<group>";
		};
/* End PBXGroup section */

/* Begin PBXNativeTarget section */
		DDC407BF209F6F3400E6958F /* HelloFirebase */ = {
			isa = PBXNativeTarget;
			buildConfigurationList = DDC407D2209F6F3500E6958F /* Build configuration list for PBXNativeTarget "HelloFirebase" */;
			buildPhases = (
				01D17E0E596FA232BD4F3DD3 /* [CP] Check Pods Manifest.lock */,
				DDC407BC209F6F3400E6958F /* Sources */,
				DDC407BD209F6F3400E6958F /* Frameworks */,
				DDC407BE209F6F3400E6958F /* Resources */,
				99FFAA208D622F98EBB9BFC7 /* [CP] Embed Pods Frameworks */,
			);
			buildRules = (
			);
			dependencies = (
			);
			name = HelloFirebase;
			productName = HelloFirebase;
			productReference = DDC407C0209F6F3400E6958F /* HelloFirebase.app */;
			productType = "com.apple.product-type.application";
		};
/* End PBXNativeTarget section */

/* Begin PBXProject section */
		DDC407B8209F6F3400E6958F /* Project object */ = {
			isa = PBXProject;
			attributes = {
				LastSwiftUpdateCheck = 0940;
				LastUpgradeCheck = 0940;
				ORGANIZATIONNAME = "Ricardo Lecheta";
				TargetAttributes = {
					DDC407BF209F6F3400E6958F = {
						CreatedOnToolsVersion = 9.4;
						SystemCapabilities = {
							com.apple.Push = {
								enabled = 1;
							};
						};
					};
				};
			};
			buildConfigurationList = DDC407BB209F6F3400E6958F /* Build configuration list for PBXProject "HelloFirebase" */;
			compatibilityVersion = "Xcode 9.3";
			developmentRegion = en;
			hasScannedForEncodings = 0;
			knownRegions = (
				en,
				Base,
			);
			mainGroup = DDC407B7209F6F3400E6958F;
			productRefGroup = DDC407C1209F6F3400E6958F /* Products */;
			projectDirPath = "";
			projectRoot = "";
			targets = (
				DDC407BF209F6F3400E6958F /* HelloFirebase */,
			);
		};
/* End PBXProject section */

/* Begin PBXResourcesBuildPhase section */
		DDC407BE209F6F3400E6958F /* Resources */ = {
			isa = PBXResourcesBuildPhase;
			buildActionMask = 2147483647;
			files = (
				DDC407CE209F6F3500E6958F /* LaunchScreen.storyboard in Resources */,
				DDC407D6209F71C900E6958F /* GoogleService-Info.plist in Resources */,
				DDC407CB209F6F3500E6958F /* Assets.xcassets in Resources */,
				DDC407C9209F6F3400E6958F /* Main.storyboard in Resources */,
			);
			runOnlyForDeploymentPostprocessing = 0;
		};
/* End PBXResourcesBuildPhase section */

/* Begin PBXShellScriptBuildPhase section */
		01D17E0E596FA232BD4F3DD3 /* [CP] Check Pods Manifest.lock */ = {
			isa = PBXShellScriptBuildPhase;
			buildActionMask = 2147483647;
			files = (
			);
			inputPaths = (
				"${PODS_PODFILE_DIR_PATH}/Podfile.lock",
				"${PODS_ROOT}/Manifest.lock",
			);
			name = "[CP] Check Pods Manifest.lock";
			outputPaths = (
				"$(DERIVED_FILE_DIR)/Pods-HelloFirebase-checkManifestLockResult.txt",
			);
			runOnlyForDeploymentPostprocessing = 0;
			shellPath = /bin/sh;
			shellScript = "diff \"${PODS_PODFILE_DIR_PATH}/Podfile.lock\" \"${PODS_ROOT}/Manifest.lock\" > /dev/null\nif [ $? != 0 ] ; then\n    # print error to STDERR\n    echo \"error: The sandbox is not in sync with the Podfile.lock. Run 'pod install' or update your CocoaPods installation.\" >&2\n    exit 1\nfi\n# This output is used by Xcode 'outputs' to avoid re-running this script phase.\necho \"SUCCESS\" > \"${SCRIPT_OUTPUT_FILE_0}\"\n";
			showEnvVarsInLog = 0;
		};
		99FFAA208D622F98EBB9BFC7 /* [CP] Embed Pods Frameworks */ = {
			isa = PBXShellScriptBuildPhase;
			buildActionMask = 2147483647;
			files = (
			);
			inputPaths = (
				"${SRCROOT}/Pods/Target Support Files/Pods-HelloFirebase/Pods-HelloFirebase-frameworks.sh",
				"${BUILT_PRODUCTS_DIR}/GoogleToolboxForMac/GoogleToolboxForMac.framework",
				"${BUILT_PRODUCTS_DIR}/Protobuf/Protobuf.framework",
				"${BUILT_PRODUCTS_DIR}/nanopb/nanopb.framework",
			);
			name = "[CP] Embed Pods Frameworks";
			outputPaths = (
				"${TARGET_BUILD_DIR}/${FRAMEWORKS_FOLDER_PATH}/GoogleToolboxForMac.framework",
				"${TARGET_BUILD_DIR}/${FRAMEWORKS_FOLDER_PATH}/Protobuf.framework",
				"${TARGET_BUILD_DIR}/${FRAMEWORKS_FOLDER_PATH}/nanopb.framework",
			);
			runOnlyForDeploymentPostprocessing = 0;
			shellPath = /bin/sh;
			shellScript = "\"${SRCROOT}/Pods/Target Support Files/Pods-HelloFirebase/Pods-HelloFirebase-frameworks.sh\"\n";
			showEnvVarsInLog = 0;
		};
/* End PBXShellScriptBuildPhase section */

/* Begin PBXSourcesBuildPhase section */
		DDC407BC209F6F3400E6958F /* Sources */ = {
			isa = PBXSourcesBuildPhase;
			buildActionMask = 2147483647;
			files = (
				DDC407C6209F6F3400E6958F /* ViewController.swift in Sources */,
				DDC407C4209F6F3400E6958F /* AppDelegate.swift in Sources */,
			);
			runOnlyForDeploymentPostprocessing = 0;
		};
/* End PBXSourcesBuildPhase section */

/* Begin PBXVariantGroup section */
		DDC407C7209F6F3400E6958F /* Main.storyboard */ = {
			isa = PBXVariantGroup;
			children = (
				DDC407C8209F6F3400E6958F /* Base */,
			);
			name = Main.storyboard;
			sourceTree = "<group>";
		};
		DDC407CC209F6F3500E6958F /* LaunchScreen.storyboard */ = {
			isa = PBXVariantGroup;
			children = (
				DDC407CD209F6F3500E6958F /* Base */,
			);
			name = LaunchScreen.storyboard;
			sourceTree = "<group>";
		};
/* End PBXVariantGroup section */

/* Begin XCBuildConfiguration section */
		DDC407D0209F6F3500E6958F /* Debug */ = {
			isa = XCBuildConfiguration;
			buildSettings = {
				ALWAYS_SEARCH_USER_PATHS = NO;
				CLANG_ANALYZER_NONNULL = YES;
				CLANG_ANALYZER_NUMBER_OBJECT_CONVERSION = YES_AGGRESSIVE;
				CLANG_CXX_LANGUAGE_STANDARD = "gnu++14";
				CLANG_CXX_LIBRARY = "libc++";
				CLANG_ENABLE_MODULES = YES;
				CLANG_ENABLE_OBJC_ARC = YES;
				CLANG_ENABLE_OBJC_WEAK = YES;
				CLANG_WARN_BLOCK_CAPTURE_AUTORELEASING = YES;
				CLANG_WARN_BOOL_CONVERSION = YES;
				CLANG_WARN_COMMA = YES;
				CLANG_WARN_CONSTANT_CONVERSION = YES;
				CLANG_WARN_DEPRECATED_OBJC_IMPLEMENTATIONS = YES;
				CLANG_WARN_DIRECT_OBJC_ISA_USAGE = YES_ERROR;
				CLANG_WARN_DOCUMENTATION_COMMENTS = YES;
				CLANG_WARN_EMPTY_BODY = YES;
				CLANG_WARN_ENUM_CONVERSION = YES;
				CLANG_WARN_INFINITE_RECURSION = YES;
				CLANG_WARN_INT_CONVERSION = YES;
				CLANG_WARN_NON_LITERAL_NULL_CONVERSION = YES;
				CLANG_WARN_OBJC_IMPLICIT_RETAIN_SELF = YES;
				CLANG_WARN_OBJC_LITERAL_CONVERSION = YES;
				CLANG_WARN_OBJC_ROOT_CLASS = YES_ERROR;
				CLANG_WARN_RANGE_LOOP_ANALYSIS = YES;
				CLANG_WARN_STRICT_PROTOTYPES = YES;
				CLANG_WARN_SUSPICIOUS_MOVE = YES;
				CLANG_WARN_UNGUARDED_AVAILABILITY = YES_AGGRESSIVE;
				CLANG_WARN_UNREACHABLE_CODE = YES;
				CLANG_WARN__DUPLICATE_METHOD_MATCH = YES;
				CODE_SIGN_IDENTITY = "iPhone Developer";
				COPY_PHASE_STRIP = NO;
				DEBUG_INFORMATION_FORMAT = dwarf;
				ENABLE_STRICT_OBJC_MSGSEND = YES;
				ENABLE_TESTABILITY = YES;
				GCC_C_LANGUAGE_STANDARD = gnu11;
				GCC_DYNAMIC_NO_PIC = NO;
				GCC_NO_COMMON_BLOCKS = YES;
				GCC_OPTIMIZATION_LEVEL = 0;
				GCC_PREPROCESSOR_DEFINITIONS = (
					"DEBUG=1",
					"$(inherited)",
				);
				GCC_WARN_64_TO_32_BIT_CONVERSION = YES;
				GCC_WARN_ABOUT_RETURN_TYPE = YES_ERROR;
				GCC_WARN_UNDECLARED_SELECTOR = YES;
				GCC_WARN_UNINITIALIZED_AUTOS = YES_AGGRESSIVE;
				GCC_WARN_UNUSED_FUNCTION = YES;
				GCC_WARN_UNUSED_VARIABLE = YES;
				IPHONEOS_DEPLOYMENT_TARGET = 11.4;
				MTL_ENABLE_DEBUG_INFO = YES;
				ONLY_ACTIVE_ARCH = YES;
				SDKROOT = iphoneos;
				SWIFT_ACTIVE_COMPILATION_CONDITIONS = DEBUG;
				SWIFT_OPTIMIZATION_LEVEL = "-Onone";
			};
			name = Debug;
		};
		DDC407D1209F6F3500E6958F /* Release */ = {
			isa = XCBuildConfiguration;
			buildSettings = {
				ALWAYS_SEARCH_USER_PATHS = NO;
				CLANG_ANALYZER_NONNULL = YES;
				CLANG_ANALYZER_NUMBER_OBJECT_CONVERSION = YES_AGGRESSIVE;
				CLANG_CXX_LANGUAGE_STANDARD = "gnu++14";
				CLANG_CXX_LIBRARY = "libc++";
				CLANG_ENABLE_MODULES = YES;
				CLANG_ENABLE_OBJC_ARC = YES;
				CLANG_ENABLE_OBJC_WEAK = YES;
				CLANG_WARN_BLOCK_CAPTURE_AUTORELEASING = YES;
				CLANG_WARN_BOOL_CONVERSION = YES;
				CLANG_WARN_COMMA = YES;
				CLANG_WARN_CONSTANT_CONVERSION = YES;
				CLANG_WARN_DEPRECATED_OBJC_IMPLEMENTATIONS = YES;
				CLANG_WARN_DIRECT_OBJC_ISA_USAGE = YES_ERROR;
				CLANG_WARN_DOCUMENTATION_COMMENTS = YES;
				CLANG_WARN_EMPTY_BODY = YES;
				CLANG_WARN_ENUM_CONVERSION = YES;
				CLANG_WARN_INFINITE_RECURSION = YES;
				CLANG_WARN_INT_CONVERSION = YES;
				CLANG_WARN_NON_LITERAL_NULL_CONVERSION = YES;
				CLANG_WARN_OBJC_IMPLICIT_RETAIN_SELF = YES;
				CLANG_WARN_OBJC_LITERAL_CONVERSION = YES;
				CLANG_WARN_OBJC_ROOT_CLASS = YES_ERROR;
				CLANG_WARN_RANGE_LOOP_ANALYSIS = YES;
				CLANG_WARN_STRICT_PROTOTYPES = YES;
				CLANG_WARN_SUSPICIOUS_MOVE = YES;
				CLANG_WARN_UNGUARDED_AVAILABILITY = YES_AGGRESSIVE;
				CLANG_WARN_UNREACHABLE_CODE = YES;
				CLANG_WARN__DUPLICATE_METHOD_MATCH = YES;
				CODE_SIGN_IDENTITY = "iPhone Developer";
				COPY_PHASE_STRIP = NO;
				DEBUG_INFORMATION_FORMAT = "dwarf-with-dsym";
				ENABLE_NS_ASSERTIONS = NO;
				ENABLE_STRICT_OBJC_MSGSEND = YES;
				GCC_C_LANGUAGE_STANDARD = gnu11;
				GCC_NO_COMMON_BLOCKS = YES;
				GCC_WARN_64_TO_32_BIT_CONVERSION = YES;
				GCC_WARN_ABOUT_RETURN_TYPE = YES_ERROR;
				GCC_WARN_UNDECLARED_SELECTOR = YES;
				GCC_WARN_UNINITIALIZED_AUTOS = YES_AGGRESSIVE;
				GCC_WARN_UNUSED_FUNCTION = YES;
				GCC_WARN_UNUSED_VARIABLE = YES;
				IPHONEOS_DEPLOYMENT_TARGET = 11.4;
				MTL_ENABLE_DEBUG_INFO = NO;
				SDKROOT = iphoneos;
				SWIFT_COMPILATION_MODE = wholemodule;
				SWIFT_OPTIMIZATION_LEVEL = "-O";
				VALIDATE_PRODUCT = YES;
			};
			name = Release;
		};
		DDC407D3209F6F3500E6958F /* Debug */ = {
			isa = XCBuildConfiguration;
			baseConfigurationReference = 7875BB9F854D47D37C5D19EF /* Pods-HelloFirebase.debug.xcconfig */;
			buildSettings = {
				ASSETCATALOG_COMPILER_APPICON_NAME = AppIcon;
				CODE_SIGN_ENTITLEMENTS = HelloFirebase/HelloFirebase.entitlements;
				CODE_SIGN_IDENTITY = "iPhone Developer: Ricardo Lecheta (ELQ696FHZT)";
				CODE_SIGN_STYLE = Automatic;
				DEVELOPMENT_TEAM = DXQA6Z45VT;
				INFOPLIST_FILE = HelloFirebase/Info.plist;
				IPHONEOS_DEPLOYMENT_TARGET = 11.1;
				LD_RUNPATH_SEARCH_PATHS = (
					"$(inherited)",
					"@executable_path/Frameworks",
				);
				PRODUCT_BUNDLE_IDENTIFIER = livroiphone.com.br.HelloFirebase;
				PRODUCT_NAME = "$(TARGET_NAME)";
				PROVISIONING_PROFILE = "";
				PROVISIONING_PROFILE_SPECIFIER = "";
				SWIFT_VERSION = 4.0;
				TARGETED_DEVICE_FAMILY = "1,2";
			};
			name = Debug;
		};
		DDC407D4209F6F3500E6958F /* Release */ = {
			isa = XCBuildConfiguration;
			baseConfigurationReference = 0EDECDC91C8CD8FE6C628E08 /* Pods-HelloFirebase.release.xcconfig */;
			buildSettings = {
				ASSETCATALOG_COMPILER_APPICON_NAME = AppIcon;
				CODE_SIGN_ENTITLEMENTS = HelloFirebase/HelloFirebase.entitlements;
				CODE_SIGN_IDENTITY = "iPhone Developer: Ricardo Lecheta (ELQ696FHZT)";
				CODE_SIGN_STYLE = Automatic;
				DEVELOPMENT_TEAM = DXQA6Z45VT;
				INFOPLIST_FILE = HelloFirebase/Info.plist;
				IPHONEOS_DEPLOYMENT_TARGET = 11.1;
				LD_RUNPATH_SEARCH_PATHS = (
					"$(inherited)",
					"@executable_path/Frameworks",
				);
				PRODUCT_BUNDLE_IDENTIFIER = livroiphone.com.br.HelloFirebase;
				PRODUCT_NAME = "$(TARGET_NAME)";
				PROVISIONING_PROFILE_SPECIFIER = "";
				SWIFT_VERSION = 4.0;
				TARGETED_DEVICE_FAMILY = "1,2";
			};
			name = Release;
		};
/* End XCBuildConfiguration section */

/* Begin XCConfigurationList section */
		DDC407BB209F6F3400E6958F /* Build configuration list for PBXProject "HelloFirebase" */ = {
			isa = XCConfigurationList;
			buildConfigurations = (
				DDC407D0209F6F3500E6958F /* Debug */,
				DDC407D1209F6F3500E6958F /* Release */,
			);
			defaultConfigurationIsVisible = 0;
			defaultConfigurationName = Release;
		};
		DDC407D2209F6F3500E6958F /* Build configuration list for PBXNativeTarget "HelloFirebase" */ = {
			isa = XCConfigurationList;
			buildConfigurations = (
				DDC407D3209F6F3500E6958F /* Debug */,
				DDC407D4209F6F3500E6958F /* Release */,
			);
			defaultConfigurationIsVisible = 0;
			defaultConfigurationName = Release;
		};
/* End XCConfigurationList section */
	};
	rootObject = DDC407B8209F6F3400E6958F /* Project object */;
}
